Microsoft Visual Studio Solution File, Format Version 12.00
# Visual Studio Version 17
VisualStudioVersion = 17.5.2.0
MinimumVisualStudioVersion = 10.0.40219.1
Project("{FAE04EC0-301F-11D3-BF4B-00C04F79EFBC}") = "FileRenamer", "FileRenamer\FileRenamer.csproj", "{ECEEBF57-CCAA-7871-DF74-FBBC354D0081}"
EndProject
Global
	GlobalSection(SolutionConfigurationPlatforms) = preSolution
		Debug|Any CPU = Debug|Any CPU
		Release|Any CPU = Release|Any CPU
	EndGlobalSection
	GlobalSection(ProjectConfigurationPlatforms) = postSolution
		{ECEEBF57-CCAA-7871-DF74-FBBC354D0081}.Debug|Any CPU.ActiveCfg = Debug|Any CPU
		{ECEEBF57-CCAA-7871-DF74-FBBC354D0081}.Debug|Any CPU.Build.0 = Debug|Any CPU
		{ECEEBF57-CCAA-7871-DF74-FBBC354D0081}.Release|Any CPU.ActiveCfg = Release|Any CPU
		{ECEEBF57-CCAA-7871-DF74-FBBC354D0081}.Release|Any CPU.Build.0 = Release|Any CPU
	EndGlobalSection
	GlobalSection(SolutionProperties) = preSolution
		HideSolutionNode = FALSE
	EndGlobalSection
	GlobalSection(ExtensibilityGlobals) = postSolution
		SolutionGuid = {66939687-EF00-4375-B376-0526D526A67F}
	EndGlobalSection
EndGlobal
